// !$*UTF8*$!
{
	archiveVersion = 1;
	classes = {
	};
	objectVersion = 56;
	objects = {

/* Begin PBXBuildFile section */
		BFF098062C91F5B700FE92E8 /* AppDelegate.swift in Sources */ = {isa = PBXBuildFile; fileRef = BFF098052C91F5B700FE92E8 /* AppDelegate.swift */; };
		BFF098082C91F5B700FE92E8 /* SceneDelegate.swift in Sources */ = {isa = PBXBuildFile; fileRef = BFF098072C91F5B700FE92E8 /* SceneDelegate.swift */; };
		BFF0980A2C91F5B700FE92E8 /* ViewController.swift in Sources */ = {isa = PBXBuildFile; fileRef = BFF098092C91F5B700FE92E8 /* ViewController.swift */; };
		BFF0980F2C91F5B800FE92E8 /* Assets.xcassets in Resources */ = {isa = PBXBuildFile; fileRef = BFF0980E2C91F5B800FE92E8 /* Assets.xcassets */; };
		BFF098122C91F5B800FE92E8 /* Base in Resources */ = {isa = PBXBuildFile; fileRef = BFF098112C91F5B800FE92E8 /* Base */; };
		BFF0981D2C91F75500FE92E8 /* UIFont+Extension.swift in Sources */ = {isa = PBXBuildFile; fileRef = BFF0981C2C91F75500FE92E8 /* UIFont+Extension.swift */; };
		BFF0981F2C91F76200FE92E8 /* UIView+Extension.swift in Sources */ = {isa = PBXBuildFile; fileRef = BFF0981E2C91F76200FE92E8 /* UIView+Extension.swift */; };
		BFF098242C91F7D300FE92E8 /* YS Display-Bold.ttf in Resources */ = {isa = PBXBuildFile; fileRef = BFF098202C91F7D300FE92E8 /* YS Display-Bold.ttf */; };
		BFF098252C91F7D300FE92E8 /* YS Display-Medium.ttf in Resources */ = {isa = PBXBuildFile; fileRef = BFF098212C91F7D300FE92E8 /* YS Display-Medium.ttf */; };
/* End PBXBuildFile section */

/* Begin PBXFileReference section */
		BFF098022C91F5B700FE92E8 /* Movie.app */ = {isa = PBXFileReference; explicitFileType = wrapper.application; includeInIndex = 0; path = Movie.app; sourceTree = BUILT_PRODUCTS_DIR; };
		BFF098052C91F5B700FE92E8 /* AppDelegate.swift */ = {isa = PBXFileReference; lastKnownFileType = sourcecode.swift; path = AppDelegate.swift; sourceTree = "<group>"; };
		BFF098072C91F5B700FE92E8 /* SceneDelegate.swift */ = {isa = PBXFileReference; lastKnownFileType = sourcecode.swift; path = SceneDelegate.swift; sourceTree = "<group>"; };
		BFF098092C91F5B700FE92E8 /* ViewController.swift */ = {isa = PBXFileReference; lastKnownFileType = sourcecode.swift; path = ViewController.swift; sourceTree = "<group>"; };
		BFF0980E2C91F5B800FE92E8 /* Assets.xcassets */ = {isa = PBXFileReference; lastKnownFileType = folder.assetcatalog; path = Assets.xcassets; sourceTree = "<group>"; };
		BFF098112C91F5B800FE92E8 /* Base */ = {isa = PBXFileReference; lastKnownFileType = file.storyboard; name = Base; path = Base.lproj/LaunchScreen.storyboard; sourceTree = "<group>"; };
		BFF098132C91F5B800FE92E8 /* Info.plist */ = {isa = PBXFileReference; lastKnownFileType = text.plist.xml; path = Info.plist; sourceTree = "<group>"; };
		BFF0981C2C91F75500FE92E8 /* UIFont+Extension.swift */ = {isa = PBXFileReference; lastKnownFileType = sourcecode.swift; path = "UIFont+Extension.swift"; sourceTree = "<group>"; };
		BFF0981E2C91F76200FE92E8 /* UIView+Extension.swift */ = {isa = PBXFileReference; lastKnownFileType = sourcecode.swift; path = "UIView+Extension.swift"; sourceTree = "<group>"; };
		BFF098202C91F7D300FE92E8 /* YS Display-Bold.ttf */ = {isa = PBXFileReference; lastKnownFileType = file; path = "YS Display-Bold.ttf"; sourceTree = "<group>"; };
		BFF098212C91F7D300FE92E8 /* YS Display-Medium.ttf */ = {isa = PBXFileReference; lastKnownFileType = file; path = "YS Display-Medium.ttf"; sourceTree = "<group>"; };
/* End PBXFileReference section */

/* Begin PBXFrameworksBuildPhase section */
		BFF097FF2C91F5B700FE92E8 /* Frameworks */ = {
			isa = PBXFrameworksBuildPhase;
			buildActionMask = 2147483647;
			files = (
			);
			runOnlyForDeploymentPostprocessing = 0;
		};
/* End PBXFrameworksBuildPhase section */

/* Begin PBXGroup section */
		BFF097F92C91F5B700FE92E8 = {
			isa = PBXGroup;
			children = (
				BFF098042C91F5B700FE92E8 /* Movie */,
				BFF098032C91F5B700FE92E8 /* Products */,
			);
			sourceTree = "<group>";
		};
		BFF098032C91F5B700FE92E8 /* Products */ = {
			isa = PBXGroup;
			children = (
				BFF098022C91F5B700FE92E8 /* Movie.app */,
			);
			name = Products;
			sourceTree = "<group>";
		};
		BFF098042C91F5B700FE92E8 /* Movie */ = {
			isa = PBXGroup;
			children = (
				BFF0981A2C91F6E400FE92E8 /* Presentation */,
				BFF098192C91F6DB00FE92E8 /* Helpers */,
				BFF0981B2C91F6F300FE92E8 /* Resources */,
				BFF098052C91F5B700FE92E8 /* AppDelegate.swift */,
				BFF098072C91F5B700FE92E8 /* SceneDelegate.swift */,
			);
			path = Movie;
			sourceTree = "<group>";
		};
		BFF098192C91F6DB00FE92E8 /* Helpers */ = {
			isa = PBXGroup;
			children = (
				BFF0981C2C91F75500FE92E8 /* UIFont+Extension.swift */,
				BFF0981E2C91F76200FE92E8 /* UIView+Extension.swift */,
			);
			path = Helpers;
			sourceTree = "<group>";
		};
		BFF0981A2C91F6E400FE92E8 /* Presentation */ = {
			isa = PBXGroup;
			children = (
				BFF098092C91F5B700FE92E8 /* ViewController.swift */,
			);
			path = Presentation;
			sourceTree = "<group>";
		};
		BFF0981B2C91F6F300FE92E8 /* Resources */ = {
			isa = PBXGroup;
			children = (
				BFF098232C91F7D300FE92E8 /* Fonts */,
				BFF0980E2C91F5B800FE92E8 /* Assets.xcassets */,
				BFF098102C91F5B800FE92E8 /* LaunchScreen.storyboard */,
				BFF098132C91F5B800FE92E8 /* Info.plist */,
			);
			path = Resources;
			sourceTree = "<group>";
		};
		BFF098222C91F7D300FE92E8 /* YS Display */ = {
			isa = PBXGroup;
			children = (
				BFF098202C91F7D300FE92E8 /* YS Display-Bold.ttf */,
				BFF098212C91F7D300FE92E8 /* YS Display-Medium.ttf */,
			);
			path = "YS Display";
			sourceTree = "<group>";
		};
		BFF098232C91F7D300FE92E8 /* Fonts */ = {
			isa = PBXGroup;
			children = (
				BFF098222C91F7D300FE92E8 /* YS Display */,
			);
			path = Fonts;
			sourceTree = "<group>";
		};
/* End PBXGroup section */

/* Begin PBXNativeTarget section */
		BFF098012C91F5B700FE92E8 /* Movie */ = {
			isa = PBXNativeTarget;
			buildConfigurationList = BFF098162C91F5B800FE92E8 /* Build configuration list for PBXNativeTarget "Movie" */;
			buildPhases = (
				BFF097FE2C91F5B700FE92E8 /* Sources */,
				BFF097FF2C91F5B700FE92E8 /* Frameworks */,
				BFF098002C91F5B700FE92E8 /* Resources */,
			);
			buildRules = (
			);
			dependencies = (
			);
			name = Movie;
			productName = Movie;
			productReference = BFF098022C91F5B700FE92E8 /* Movie.app */;
			productType = "com.apple.product-type.application";
		};
/* End PBXNativeTarget section */

/* Begin PBXProject section */
		BFF097FA2C91F5B700FE92E8 /* Project object */ = {
			isa = PBXProject;
			attributes = {
				BuildIndependentTargetsInParallel = 1;
				LastSwiftUpdateCheck = 1530;
				LastUpgradeCheck = 1530;
				TargetAttributes = {
					BFF098012C91F5B700FE92E8 = {
						CreatedOnToolsVersion = 15.3;
					};
				};
			};
			buildConfigurationList = BFF097FD2C91F5B700FE92E8 /* Build configuration list for PBXProject "Movie" */;
			compatibilityVersion = "Xcode 14.0";
			developmentRegion = en;
			hasScannedForEncodings = 0;
			knownRegions = (
				en,
				Base,
			);
			mainGroup = BFF097F92C91F5B700FE92E8;
			productRefGroup = BFF098032C91F5B700FE92E8 /* Products */;
			projectDirPath = "";
			projectRoot = "";
			targets = (
				BFF098012C91F5B700FE92E8 /* Movie */,
			);
		};
/* End PBXProject section */

/* Begin PBXResourcesBuildPhase section */
		BFF098002C91F5B700FE92E8 /* Resources */ = {
			isa = PBXResourcesBuildPhase;
			buildActionMask = 2147483647;
			files = (
				BFF0980F2C91F5B800FE92E8 /* Assets.xcassets in Resources */,
				BFF098252C91F7D300FE92E8 /* YS Display-Medium.ttf in Resources */,
				BFF098242C91F7D300FE92E8 /* YS Display-Bold.ttf in Resources */,
				BFF098122C91F5B800FE92E8 /* Base in Resources */,
			);
			runOnlyForDeploymentPostprocessing = 0;
		};
/* End PBXResourcesBuildPhase section */

/* Begin PBXSourcesBuildPhase section */
		BFF097FE2C91F5B700FE92E8 /* Sources */ = {
			isa = PBXSourcesBuildPhase;
			buildActionMask = 2147483647;
			files = (
				BFF0980A2C91F5B700FE92E8 /* ViewController.swift in Sources */,
				BFF098062C91F5B700FE92E8 /* AppDelegate.swift in Sources */,
				BFF0981D2C91F75500FE92E8 /* UIFont+Extension.swift in Sources */,
				BFF0981F2C91F76200FE92E8 /* UIView+Extension.swift in Sources */,
				BFF098082C91F5B700FE92E8 /* SceneDelegate.swift in Sources */,
			);
			runOnlyForDeploymentPostprocessing = 0;
		};
/* End PBXSourcesBuildPhase section */

/* Begin PBXVariantGroup section */
		BFF098102C91F5B800FE92E8 /* LaunchScreen.storyboard */ = {
			isa = PBXVariantGroup;
			children = (
				BFF098112C91F5B800FE92E8 /* Base */,
			);
			name = LaunchScreen.storyboard;
			sourceTree = "<group>";
		};
/* End PBXVariantGroup section */

/* Begin XCBuildConfiguration section */
		BFF098142C91F5B800FE92E8 /* Debug */ = {
			isa = XCBuildConfiguration;
			buildSettings = {
				ALWAYS_SEARCH_USER_PATHS = NO;
				ASSETCATALOG_COMPILER_GENERATE_SWIFT_ASSET_SYMBOL_EXTENSIONS = YES;
				CLANG_ANALYZER_NONNULL = YES;
				CLANG_ANALYZER_NUMBER_OBJECT_CONVERSION = YES_AGGRESSIVE;
				CLANG_CXX_LANGUAGE_STANDARD = "gnu++20";
				CLANG_ENABLE_MODULES = YES;
				CLANG_ENABLE_OBJC_ARC = YES;
				CLANG_ENABLE_OBJC_WEAK = YES;
				CLANG_WARN_BLOCK_CAPTURE_AUTORELEASING = YES;
				CLANG_WARN_BOOL_CONVERSION = YES;
				CLANG_WARN_COMMA = YES;
				CLANG_WARN_CONSTANT_CONVERSION = YES;
				CLANG_WARN_DEPRECATED_OBJC_IMPLEMENTATIONS = YES;
				CLANG_WARN_DIRECT_OBJC_ISA_USAGE = YES_ERROR;
				CLANG_WARN_DOCUMENTATION_COMMENTS = YES;
				CLANG_WARN_EMPTY_BODY = YES;
				CLANG_WARN_ENUM_CONVERSION = YES;
				CLANG_WARN_INFINITE_RECURSION = YES;
				CLANG_WARN_INT_CONVERSION = YES;
				CLANG_WARN_NON_LITERAL_NULL_CONVERSION = YES;
				CLANG_WARN_OBJC_IMPLICIT_RETAIN_SELF = YES;
				CLANG_WARN_OBJC_LITERAL_CONVERSION = YES;
				CLANG_WARN_OBJC_ROOT_CLASS = YES_ERROR;
				CLANG_WARN_QUOTED_INCLUDE_IN_FRAMEWORK_HEADER = YES;
				CLANG_WARN_RANGE_LOOP_ANALYSIS = YES;
				CLANG_WARN_STRICT_PROTOTYPES = YES;
				CLANG_WARN_SUSPICIOUS_MOVE = YES;
				CLANG_WARN_UNGUARDED_AVAILABILITY = YES_AGGRESSIVE;
				CLANG_WARN_UNREACHABLE_CODE = YES;
				CLANG_WARN__DUPLICATE_METHOD_MATCH = YES;
				COPY_PHASE_STRIP = NO;
				DEBUG_INFORMATION_FORMAT = dwarf;
				ENABLE_STRICT_OBJC_MSGSEND = YES;
				ENABLE_TESTABILITY = YES;
				ENABLE_USER_SCRIPT_SANDBOXING = YES;
				GCC_C_LANGUAGE_STANDARD = gnu17;
				GCC_DYNAMIC_NO_PIC = NO;
				GCC_NO_COMMON_BLOCKS = YES;
				GCC_OPTIMIZATION_LEVEL = 0;
				GCC_PREPROCESSOR_DEFINITIONS = (
					"DEBUG=1",
					"$(inherited)",
				);
				GCC_WARN_64_TO_32_BIT_CONVERSION = YES;
				GCC_WARN_ABOUT_RETURN_TYPE = YES_ERROR;
				GCC_WARN_UNDECLARED_SELECTOR = YES;
				GCC_WARN_UNINITIALIZED_AUTOS = YES_AGGRESSIVE;
				GCC_WARN_UNUSED_FUNCTION = YES;
				GCC_WARN_UNUSED_VARIABLE = YES;
				IPHONEOS_DEPLOYMENT_TARGET = 17.4;
				LOCALIZATION_PREFERS_STRING_CATALOGS = YES;
				MTL_ENABLE_DEBUG_INFO = INCLUDE_SOURCE;
				MTL_FAST_MATH = YES;
				ONLY_ACTIVE_ARCH = YES;
				SDKROOT = iphoneos;
				SWIFT_ACTIVE_COMPILATION_CONDITIONS = "DEBUG $(inherited)";
				SWIFT_OPTIMIZATION_LEVEL = "-Onone";
			};
			name = Debug;
		};
		BFF098152C91F5B800FE92E8 /* Release */ = {
			isa = XCBuildConfiguration;
			buildSettings = {
				ALWAYS_SEARCH_USER_PATHS = NO;
				ASSETCATALOG_COMPILER_GENERATE_SWIFT_ASSET_SYMBOL_EXTENSIONS = YES;
				CLANG_ANALYZER_NONNULL = YES;
				CLANG_ANALYZER_NUMBER_OBJECT_CONVERSION = YES_AGGRESSIVE;
				CLANG_CXX_LANGUAGE_STANDARD = "gnu++20";
				CLANG_ENABLE_MODULES = YES;
				CLANG_ENABLE_OBJC_ARC = YES;
				CLANG_ENABLE_OBJC_WEAK = YES;
				CLANG_WARN_BLOCK_CAPTURE_AUTORELEASING = YES;
				CLANG_WARN_BOOL_CONVERSION = YES;
				CLANG_WARN_COMMA = YES;
				CLANG_WARN_CONSTANT_CONVERSION = YES;
				CLANG_WARN_DEPRECATED_OBJC_IMPLEMENTATIONS = YES;
				CLANG_WARN_DIRECT_OBJC_ISA_USAGE = YES_ERROR;
				CLANG_WARN_DOCUMENTATION_COMMENTS = YES;
				CLANG_WARN_EMPTY_BODY = YES;
				CLANG_WARN_ENUM_CONVERSION = YES;
				CLANG_WARN_INFINITE_RECURSION = YES;
				CLANG_WARN_INT_CONVERSION = YES;
				CLANG_WARN_NON_LITERAL_NULL_CONVERSION = YES;
				CLANG_WARN_OBJC_IMPLICIT_RETAIN_SELF = YES;
				CLANG_WARN_OBJC_LITERAL_CONVERSION = YES;
				CLANG_WARN_OBJC_ROOT_CLASS = YES_ERROR;
				CLANG_WARN_QUOTED_INCLUDE_IN_FRAMEWORK_HEADER = YES;
				CLANG_WARN_RANGE_LOOP_ANALYSIS = YES;
				CLANG_WARN_STRICT_PROTOTYPES = YES;
				CLANG_WARN_SUSPICIOUS_MOVE = YES;
				CLANG_WARN_UNGUARDED_AVAILABILITY = YES_AGGRESSIVE;
				CLANG_WARN_UNREACHABLE_CODE = YES;
				CLANG_WARN__DUPLICATE_METHOD_MATCH = YES;
				COPY_PHASE_STRIP = NO;
				DEBUG_INFORMATION_FORMAT = "dwarf-with-dsym";
				ENABLE_NS_ASSERTIONS = NO;
				ENABLE_STRICT_OBJC_MSGSEND = YES;
				ENABLE_USER_SCRIPT_SANDBOXING = YES;
				GCC_C_LANGUAGE_STANDARD = gnu17;
				GCC_NO_COMMON_BLOCKS = YES;
				GCC_WARN_64_TO_32_BIT_CONVERSION = YES;
				GCC_WARN_ABOUT_RETURN_TYPE = YES_ERROR;
				GCC_WARN_UNDECLARED_SELECTOR = YES;
				GCC_WARN_UNINITIALIZED_AUTOS = YES_AGGRESSIVE;
				GCC_WARN_UNUSED_FUNCTION = YES;
				GCC_WARN_UNUSED_VARIABLE = YES;
				IPHONEOS_DEPLOYMENT_TARGET = 17.4;
				LOCALIZATION_PREFERS_STRING_CATALOGS = YES;
				MTL_ENABLE_DEBUG_INFO = NO;
				MTL_FAST_MATH = YES;
				SDKROOT = iphoneos;
				SWIFT_COMPILATION_MODE = wholemodule;
				VALIDATE_PRODUCT = YES;
			};
			name = Release;
		};
		BFF098172C91F5B800FE92E8 /* Debug */ = {
			isa = XCBuildConfiguration;
			buildSettings = {
				ASSETCATALOG_COMPILER_APPICON_NAME = AppIcon;
				ASSETCATALOG_COMPILER_GLOBAL_ACCENT_COLOR_NAME = AccentColor;
				CODE_SIGN_STYLE = Automatic;
				CURRENT_PROJECT_VERSION = 1;
				DEVELOPMENT_TEAM = Q9G7AMJXC6;
				GENERATE_INFOPLIST_FILE = YES;
				INFOPLIST_FILE = Movie/Resources/Info.plist;
				INFOPLIST_KEY_UIApplicationSupportsIndirectInputEvents = YES;
				INFOPLIST_KEY_UILaunchStoryboardName = LaunchScreen;
				INFOPLIST_KEY_UISupportedInterfaceOrientations_iPad = "UIInterfaceOrientationPortrait UIInterfaceOrientationPortraitUpsideDown UIInterfaceOrientationLandscapeLeft UIInterfaceOrientationLandscapeRight";
				INFOPLIST_KEY_UISupportedInterfaceOrientations_iPhone = "UIInterfaceOrientationPortrait UIInterfaceOrientationLandscapeLeft UIInterfaceOrientationLandscapeRight";
				LD_RUNPATH_SEARCH_PATHS = (
					"$(inherited)",
					"@executable_path/Frameworks",
				);
				MARKETING_VERSION = 1.0;
				PRODUCT_BUNDLE_IDENTIFIER = com.leo.Movie;
				PRODUCT_NAME = "$(TARGET_NAME)";
				SWIFT_EMIT_LOC_STRINGS = YES;
				SWIFT_VERSION = 5.0;
				TARGETED_DEVICE_FAMILY = "1,2";
			};
			name = Debug;
		};
		BFF098182C91F5B800FE92E8 /* Release */ = {
			isa = XCBuildConfiguration;
			buildSettings = {
				ASSETCATALOG_COMPILER_APPICON_NAME = AppIcon;
				ASSETCATALOG_COMPILER_GLOBAL_ACCENT_COLOR_NAME = AccentColor;
				CODE_SIGN_STYLE = Automatic;
				CURRENT_PROJECT_VERSION = 1;
				DEVELOPMENT_TEAM = Q9G7AMJXC6;
				GENERATE_INFOPLIST_FILE = YES;
				INFOPLIST_FILE = Movie/Resources/Info.plist;
				INFOPLIST_KEY_UIApplicationSupportsIndirectInputEvents = YES;
				INFOPLIST_KEY_UILaunchStoryboardName = LaunchScreen;
				INFOPLIST_KEY_UISupportedInterfaceOrientations_iPad = "UIInterfaceOrientationPortrait UIInterfaceOrientationPortraitUpsideDown UIInterfaceOrientationLandscapeLeft UIInterfaceOrientationLandscapeRight";
				INFOPLIST_KEY_UISupportedInterfaceOrientations_iPhone = "UIInterfaceOrientationPortrait UIInterfaceOrientationLandscapeLeft UIInterfaceOrientationLandscapeRight";
				LD_RUNPATH_SEARCH_PATHS = (
					"$(inherited)",
					"@executable_path/Frameworks",
				);
				MARKETING_VERSION = 1.0;
				PRODUCT_BUNDLE_IDENTIFIER = com.leo.Movie;
				PRODUCT_NAME = "$(TARGET_NAME)";
				SWIFT_EMIT_LOC_STRINGS = YES;
				SWIFT_VERSION = 5.0;
				TARGETED_DEVICE_FAMILY = "1,2";
			};
			name = Release;
		};
/* End XCBuildConfiguration section */

/* Begin XCConfigurationList section */
		BFF097FD2C91F5B700FE92E8 /* Build configuration list for PBXProject "Movie" */ = {
			isa = XCConfigurationList;
			buildConfigurations = (
				BFF098142C91F5B800FE92E8 /* Debug */,
				BFF098152C91F5B800FE92E8 /* Release */,
			);
			defaultConfigurationIsVisible = 0;
			defaultConfigurationName = Release;
		};
		BFF098162C91F5B800FE92E8 /* Build configuration list for PBXNativeTarget "Movie" */ = {
			isa = XCConfigurationList;
			buildConfigurations = (
				BFF098172C91F5B800FE92E8 /* Debug */,
				BFF098182C91F5B800FE92E8 /* Release */,
			);
			defaultConfigurationIsVisible = 0;
			defaultConfigurationName = Release;
		};
/* End XCConfigurationList section */
	};
	rootObject = BFF097FA2C91F5B700FE92E8 /* Project object */;
}
